# This file is automatically @generated by Cargo.
# It is not intended for manual editing.
version = 4

[[package]]
name = "addin1c"
version = "0.1.1"
source = "registry+https://github.com/rust-lang/crates.io-index"
checksum = "3ce4a2faf46b8c80fc9f6a9a280bef80b7968d6b5d4324b563e6b8b4717031c3"
dependencies = [
 "smallvec",
 "utf16_lit",
]

[[package]]
name = "opi_addin"
version = "0.1.0"
dependencies = [
 "addin1c",
]

[[package]]
name = "smallvec"
version = "1.13.2"
source = "registry+https://github.com/rust-lang/crates.io-index"
checksum = "3c5e1a9a646d36c3599cd173a41282daf47c44583ad367b8e6837255952e5c67"

[[package]]
name = "utf16_lit"
version = "2.0.2"
source = "registry+https://github.com/rust-lang/crates.io-index"
checksum = "14706d2a800ee8ff38c1d3edb873cd616971ea59eb7c0d046bb44ef59b06a1ae"
