# This file is automatically @generated by Cargo.
# It is not intended for manual editing.
version = 4

[[package]]
name = "addin1c"
version = "0.5.0"
source = "registry+https://github.com/rust-lang/crates.io-index"
checksum = "ef34e8b7ff4c43e87491a4cc30a4779a9f67c50db43378a36362c7a56246e05b"
dependencies = [
 "smallvec",
 "utf16_lit",
]

[[package]]
name = "common-core"
version = "0.1.0"
dependencies = [
 "addin1c",
]

[[package]]
name = "smallvec"
version = "1.15.1"
source = "registry+https://github.com/rust-lang/crates.io-index"
checksum = "67b1b7a3b5fe4f1376887184045fcf45c69e92af734b7aaddc05fb777b6fbd03"

[[package]]
name = "utf16_lit"
version = "2.0.2"
source = "registry+https://github.com/rust-lang/crates.io-index"
checksum = "14706d2a800ee8ff38c1d3edb873cd616971ea59eb7c0d046bb44ef59b06a1ae"
